
Microsoft Visual Studio Solution File, Format Version 12.00
# Visual Studio Version 17
VisualStudioVersion = 17.9.34607.119
MinimumVisualStudioVersion = 10.0.40219.1
Project("{888888A0-9F3D-457C-B088-3A5042F75D52}") = "RC_03", "RC_03\RC_03.pyproj", "{464481F3-9BDF-4300-840C-F25888CBFEF6}"
EndProject
Global
	GlobalSection(SolutionConfigurationPlatforms) = preSolution
		Debug|Any CPU = Debug|Any CPU
		Release|Any CPU = Release|Any CPU
	EndGlobalSection
	GlobalSection(ProjectConfigurationPlatforms) = postSolution
		{464481F3-9BDF-4300-840C-F25888CBFEF6}.Debug|Any CPU.ActiveCfg = Debug|Any CPU
		{464481F3-9BDF-4300-840C-F25888CBFEF6}.Release|Any CPU.ActiveCfg = Release|Any CPU
	EndGlobalSection
	GlobalSection(SolutionProperties) = preSolution
		HideSolutionNode = FALSE
	EndGlobalSection
	GlobalSection(ExtensibilityGlobals) = postSolution
		SolutionGuid = {D8D8A6E5-B7C3-41A0-83B4-9BAC4CB4CACA}
	EndGlobalSection
EndGlobal
